# THIS IS AN AUTOGENERATED FILE. DO NOT EDIT THIS FILE DIRECTLY.
# yarn lockfile v1


"atob@^2.1.1":
  "integrity" "sha512-Wm6ukoaOGJi/73p/cl2GvLjTI5JM1k/O14isD73YML8StrH/7/lRFgmg8nICZgD3bZZvjwCGxtMOD3wWNAu8cg=="
  "resolved" "https://registry.npmmirror.com/atob/-/atob-2.1.2.tgz"
  "version" "2.1.2"

"css@^2.2.4":
  "integrity" "sha512-oUnjmWpy0niI3x/mPL8dVEI1l7MnG3+HHyRPHf+YFSbK+svOhXpmSOcDURUh2aOCgl2grzrOPt1nHLuCVFULLw=="
  "resolved" "https://registry.npmmirror.com/css/-/css-2.2.4.tgz"
  "version" "2.2.4"
  dependencies:
    "inherits" "^2.0.3"
    "source-map" "^0.6.1"
    "source-map-resolve" "^0.5.2"
    "urix" "^0.1.0"

"decode-uri-component@^0.2.0":
  "integrity" "sha512-hjf+xovcEn31w/EUYdTXQh/8smFL/dzYjohQGEIgjyNavaJfBY2p5F527Bo1VPATxv0VYTUC2bOcXvqFwk78Og=="
  "resolved" "https://registry.npmmirror.com/decode-uri-component/-/decode-uri-component-0.2.0.tgz"
  "version" "0.2.0"

"inherits@^2.0.3":
  "integrity" "sha512-x00IRNXNy63jwGkJmzPigoySHbaqpNuzKbBOmzK+g2OdZpQ9w+sxCN+VSB3ja7IAge2OP2qpfxTjeNcyjmW1uw=="
  "resolved" "https://registry.npmmirror.com/inherits/-/inherits-2.0.3.tgz"
  "version" "2.0.3"

"resolve-url@^0.2.1":
  "integrity" "sha512-ZuF55hVUQaaczgOIwqWzkEcEidmlD/xl44x1UZnhOXcYuFN2S6+rcxpG+C1N3So0wvNI3DmJICUFfu2SxhBmvg=="
  "resolved" "https://registry.npmmirror.com/resolve-url/-/resolve-url-0.2.1.tgz"
  "version" "0.2.1"

"source-map-resolve@^0.5.2":
  "integrity" "sha512-MjqsvNwyz1s0k81Goz/9vRBe9SZdB09Bdw+/zYyO+3CuPk6fouTaxscHkgtE8jKvf01kVfl8riHzERQ/kefaSA=="
  "resolved" "https://registry.npmmirror.com/source-map-resolve/-/source-map-resolve-0.5.2.tgz"
  "version" "0.5.2"
  dependencies:
    "atob" "^2.1.1"
    "decode-uri-component" "^0.2.0"
    "resolve-url" "^0.2.1"
    "source-map-url" "^0.4.0"
    "urix" "^0.1.0"

"source-map-url@^0.4.0":
  "integrity" "sha512-liJwHPI9x9d9w5WSIjM58MqGmmb7XzNqwdUA3kSBQ4lmDngexlKwawGzK3J1mKXi6+sysoMDlpVyZh9sv5vRfw=="
  "resolved" "https://registry.npmmirror.com/source-map-url/-/source-map-url-0.4.0.tgz"
  "version" "0.4.0"

"source-map@^0.6.1":
  "integrity" "sha512-UjgapumWlbMhkBgzT7Ykc5YXUT46F0iKu8SGXq0bcwP5dz/h0Plj6enJqjz1Zbq2l5WaqYnrVbwWOWMyF3F47g=="
  "resolved" "https://registry.npmmirror.com/source-map/-/source-map-0.6.1.tgz"
  "version" "0.6.1"

"urix@^0.1.0":
  "integrity" "sha512-Am1ousAhSLBeB9cG/7k7r2R0zj50uDRlZHPGbazid5s9rlF1F/QKYObEKSIunSjIOkJZqwRRLpvewjEkM7pSqg=="
  "resolved" "https://registry.npmmirror.com/urix/-/urix-0.1.0.tgz"
  "version" "0.1.0"
